{
  "name": "@vue-grabbing-box/demo-vue3",
  "version": "0.0.0",
  "lockfileVersion": 1,
  "requires": true,
  "dependencies": {
    "@vitejs/plugin-vue": {
      "version": "4.2.0",
      "dev": true
    },
    "element-plus": {
      "version": "2.3.14",
      "requires": {
        "@ctrl/tinycolor": "^3.4.1",
        "@element-plus/icons-vue": "^2.0.6",
        "@floating-ui/dom": "^1.0.1",
        "@popperjs/core": "npm:@sxzz/popperjs-es@^2.11.7",
        "@types/lodash": "^4.14.182",
        "@types/lodash-es": "^4.17.6",
        "@vueuse/core": "^9.1.0",
        "async-validator": "^4.2.5",
        "dayjs": "^1.11.3",
        "escape-html": "^1.0.3",
        "lodash": "^4.17.21",
        "lodash-es": "^4.17.21",
        "lodash-unified": "^1.0.2",
        "memoize-one": "^6.0.0",
        "normalize-wheel-es": "^1.2.0"
      },
      "dependencies": {
        "@ctrl/tinycolor": {
          "version": "3.6.1",
          "resolved": "https://registry.npmmirror.com/@ctrl/tinycolor/-/tinycolor-3.6.1.tgz",
          "integrity": "sha512-SITSV6aIXsuVNV3f3O0f2n/cgyEDWoSqtZMYiAmcsYHydcKrOz3gUxB/iXd/Qf08+IZX4KpgNbvUdMBmWz+kcA=="
        },
        "@element-plus/icons-vue": {
          "version": "2.3.1",
          "resolved": "https://registry.npmmirror.com/@element-plus/icons-vue/-/icons-vue-2.3.1.tgz",
          "integrity": "sha512-XxVUZv48RZAd87ucGS48jPf6pKu0yV5UCg9f4FFwtrYxXOwWuVJo6wOvSLKEoMQKjv8GsX/mhP6UsC1lRwbUWg=="
        },
        "@floating-ui/core": {
          "version": "1.6.8",
          "resolved": "https://registry.npmmirror.com/@floating-ui/core/-/core-1.6.8.tgz",
          "integrity": "sha512-7XJ9cPU+yI2QeLS+FCSlqNFZJq8arvswefkZrYI1yQBbftw6FyrZOxYSh+9S7z7TpeWlRt9zJ5IhM1WIL334jA==",
          "requires": {
            "@floating-ui/utils": "^0.2.8"
          }
        },
        "@floating-ui/dom": {
          "version": "1.6.11",
          "resolved": "https://registry.npmmirror.com/@floating-ui/dom/-/dom-1.6.11.tgz",
          "integrity": "sha512-qkMCxSR24v2vGkhYDo/UzxfJN3D4syqSjyuTFz6C7XcpU1pASPRieNI0Kj5VP3/503mOfYiGY891ugBX1GlABQ==",
          "requires": {
            "@floating-ui/core": "^1.6.0",
            "@floating-ui/utils": "^0.2.8"
          }
        },
        "@floating-ui/utils": {
          "version": "0.2.8",
          "resolved": "https://registry.npmmirror.com/@floating-ui/utils/-/utils-0.2.8.tgz",
          "integrity": "sha512-kym7SodPp8/wloecOpcmSnWJsK7M0E5Wg8UcFA+uO4B9s5d0ywXOEro/8HM9x0rW+TljRzul/14UYz3TleT3ig=="
        },
        "@popperjs/core": {
          "version": "npm:@sxzz/popperjs-es@2.11.7",
          "resolved": "https://registry.npmmirror.com/@sxzz/popperjs-es/-/popperjs-es-2.11.7.tgz",
          "integrity": "sha512-Ccy0NlLkzr0Ex2FKvh2X+OyERHXJ88XJ1MXtsI9y9fGexlaXaVTPzBCRBwIxFkORuOb+uBqeu+RqnpgYTEZRUQ=="
        },
        "@types/lodash": {
          "version": "4.17.9",
          "resolved": "https://registry.npmmirror.com/@types/lodash/-/lodash-4.17.9.tgz",
          "integrity": "sha512-w9iWudx1XWOHW5lQRS9iKpK/XuRhnN+0T7HvdCCd802FYkT1AMTnxndJHGrNJwRoRHkslGr4S29tjm1cT7x/7w=="
        },
        "@types/lodash-es": {
          "version": "4.17.12",
          "resolved": "https://registry.npmmirror.com/@types/lodash-es/-/lodash-es-4.17.12.tgz",
          "integrity": "sha512-0NgftHUcV4v34VhXm8QBSftKVXtbkBG3ViCjs6+eJ5a6y6Mi/jiFGPc1sC7QK+9BFhWrURE3EOggmWaSxL9OzQ==",
          "requires": {
            "@types/lodash": "*"
          }
        },
        "@types/web-bluetooth": {
          "version": "0.0.16",
          "resolved": "https://registry.npmmirror.com/@types/web-bluetooth/-/web-bluetooth-0.0.16.tgz",
          "integrity": "sha512-oh8q2Zc32S6gd/j50GowEjKLoOVOwHP/bWVjKJInBwQqdOYMdPrf1oVlelTlyfFK3CKxL1uahMDAr+vy8T7yMQ=="
        },
        "@vueuse/core": {
          "version": "9.13.0",
          "resolved": "https://registry.npmmirror.com/@vueuse/core/-/core-9.13.0.tgz",
          "integrity": "sha512-pujnclbeHWxxPRqXWmdkKV5OX4Wk4YeK7wusHqRwU0Q7EFusHoqNA/aPhB6KCh9hEqJkLAJo7bb0Lh9b+OIVzw==",
          "requires": {
            "@types/web-bluetooth": "^0.0.16",
            "@vueuse/metadata": "9.13.0",
            "@vueuse/shared": "9.13.0",
            "vue-demi": "*"
          }
        },
        "@vueuse/metadata": {
          "version": "9.13.0",
          "resolved": "https://registry.npmmirror.com/@vueuse/metadata/-/metadata-9.13.0.tgz",
          "integrity": "sha512-gdU7TKNAUVlXXLbaF+ZCfte8BjRJQWPCa2J55+7/h+yDtzw3vOoGQDRXzI6pyKyo6bXFT5/QoPE4hAknExjRLQ=="
        },
        "@vueuse/shared": {
          "version": "9.13.0",
          "resolved": "https://registry.npmmirror.com/@vueuse/shared/-/shared-9.13.0.tgz",
          "integrity": "sha512-UrnhU+Cnufu4S6JLCPZnkWh0WwZGUp72ktOF2DFptMlOs3TOdVv8xJN53zhHGARmVOsz5KqOls09+J1NR6sBKw==",
          "requires": {
            "vue-demi": "*"
          }
        },
        "async-validator": {
          "version": "4.2.5",
          "resolved": "https://registry.npmmirror.com/async-validator/-/async-validator-4.2.5.tgz",
          "integrity": "sha512-7HhHjtERjqlNbZtqNqy2rckN/SpOOlmDliet+lP7k+eKZEjPk3DgyeU9lIXLdeLz0uBbbVp+9Qdow9wJWgwwfg=="
        },
        "dayjs": {
          "version": "1.11.13",
          "resolved": "https://registry.npmmirror.com/dayjs/-/dayjs-1.11.13.tgz",
          "integrity": "sha512-oaMBel6gjolK862uaPQOVTA7q3TZhuSvuMQAAglQDOWYO9A91IrAOUJEyKVlqJlHE0vq5p5UXxzdPfMH/x6xNg=="
        },
        "escape-html": {
          "version": "1.0.3",
          "resolved": "https://registry.npmmirror.com/escape-html/-/escape-html-1.0.3.tgz",
          "integrity": "sha512-NiSupZ4OeuGwr68lGIeym/ksIZMJodUGOSCZ/FSnTxcrekbvqrgdUxlJOMpijaKZVjAJrWrGs/6Jy8OMuyj9ow=="
        },
        "lodash": {
          "version": "4.17.21",
          "resolved": "https://registry.npmmirror.com/lodash/-/lodash-4.17.21.tgz",
          "integrity": "sha512-v2kDEe57lecTulaDIuNTPy3Ry4gLGJ6Z1O3vE1krgXZNrsQ+LFTGHVxVjcXPs17LhbZVGedAJv8XZ1tvj5FvSg=="
        },
        "lodash-es": {
          "version": "4.17.21",
          "resolved": "https://registry.npmmirror.com/lodash-es/-/lodash-es-4.17.21.tgz",
          "integrity": "sha512-mKnC+QJ9pWVzv+C4/U3rRsHapFfHvQFoFB92e52xeyGMcX6/OlIl78je1u8vePzYZSkkogMPJ2yjxxsb89cxyw=="
        },
        "lodash-unified": {
          "version": "1.0.3",
          "resolved": "https://registry.npmmirror.com/lodash-unified/-/lodash-unified-1.0.3.tgz",
          "integrity": "sha512-WK9qSozxXOD7ZJQlpSqOT+om2ZfcT4yO+03FuzAHD0wF6S0l0090LRPDx3vhTTLZ8cFKpBn+IOcVXK6qOcIlfQ=="
        },
        "memoize-one": {
          "version": "6.0.0",
          "resolved": "https://registry.npmmirror.com/memoize-one/-/memoize-one-6.0.0.tgz",
          "integrity": "sha512-rkpe71W0N0c0Xz6QD0eJETuWAJGnJ9afsl1srmwPrI+yBCkge5EycXXbYRyvL29zZVUWQCY7InPRCv3GDXuZNw=="
        },
        "normalize-wheel-es": {
          "version": "1.2.0",
          "resolved": "https://registry.npmmirror.com/normalize-wheel-es/-/normalize-wheel-es-1.2.0.tgz",
          "integrity": "sha512-Wj7+EJQ8mSuXr2iWfnujrimU35R2W4FAErEyTmJoJ7ucwTn2hOUSsRehMb5RSYkxXGTM7Y9QpvPmp++w5ftoJw=="
        },
        "vue-demi": {
          "version": "0.14.10",
          "resolved": "https://registry.npmmirror.com/vue-demi/-/vue-demi-0.14.10.tgz",
          "integrity": "sha512-nMZBOwuzabUO0nLgIcc6rycZEebF6eeUfaiQx9+WSk8e29IbLvPU9feI6tqW4kTo3hvoYAJkMh8n8D0fuISphg=="
        }
      }
    },
    "vite": {
      "version": "4.3.8",
      "dev": true,
      "requires": {
        "esbuild": "^0.17.5",
        "fsevents": "~2.3.2",
        "postcss": "^8.4.23",
        "rollup": "^3.21.0"
      },
      "dependencies": {
        "@esbuild/android-arm": {
          "version": "0.17.19",
          "resolved": "https://registry.npmmirror.com/@esbuild/android-arm/-/android-arm-0.17.19.tgz",
          "integrity": "sha512-rIKddzqhmav7MSmoFCmDIb6e2W57geRsM94gV2l38fzhXMwq7hZoClug9USI2pFRGL06f4IOPHHpFNOkWieR8A==",
          "dev": true,
          "optional": true
        },
        "@esbuild/android-arm64": {
          "version": "0.17.19",
          "resolved": "https://registry.npmmirror.com/@esbuild/android-arm64/-/android-arm64-0.17.19.tgz",
          "integrity": "sha512-KBMWvEZooR7+kzY0BtbTQn0OAYY7CsiydT63pVEaPtVYF0hXbUaOyZog37DKxK7NF3XacBJOpYT4adIJh+avxA==",
          "dev": true,
          "optional": true
        },
        "@esbuild/android-x64": {
          "version": "0.17.19",
          "resolved": "https://registry.npmmirror.com/@esbuild/android-x64/-/android-x64-0.17.19.tgz",
          "integrity": "sha512-uUTTc4xGNDT7YSArp/zbtmbhO0uEEK9/ETW29Wk1thYUJBz3IVnvgEiEwEa9IeLyvnpKrWK64Utw2bgUmDveww==",
          "dev": true,
          "optional": true
        },
        "@esbuild/darwin-arm64": {
          "version": "0.17.19",
          "resolved": "https://registry.npmmirror.com/@esbuild/darwin-arm64/-/darwin-arm64-0.17.19.tgz",
          "integrity": "sha512-80wEoCfF/hFKM6WE1FyBHc9SfUblloAWx6FJkFWTWiCoht9Mc0ARGEM47e67W9rI09YoUxJL68WHfDRYEAvOhg==",
          "dev": true,
          "optional": true
        },
        "@esbuild/darwin-x64": {
          "version": "0.17.19",
          "resolved": "https://registry.npmmirror.com/@esbuild/darwin-x64/-/darwin-x64-0.17.19.tgz",
          "integrity": "sha512-IJM4JJsLhRYr9xdtLytPLSH9k/oxR3boaUIYiHkAawtwNOXKE8KoU8tMvryogdcT8AU+Bflmh81Xn6Q0vTZbQw==",
          "dev": true,
          "optional": true
        },
        "@esbuild/freebsd-arm64": {
          "version": "0.17.19",
          "resolved": "https://registry.npmmirror.com/@esbuild/freebsd-arm64/-/freebsd-arm64-0.17.19.tgz",
          "integrity": "sha512-pBwbc7DufluUeGdjSU5Si+P3SoMF5DQ/F/UmTSb8HXO80ZEAJmrykPyzo1IfNbAoaqw48YRpv8shwd1NoI0jcQ==",
          "dev": true,
          "optional": true
        },
        "@esbuild/freebsd-x64": {
          "version": "0.17.19",
          "resolved": "https://registry.npmmirror.com/@esbuild/freebsd-x64/-/freebsd-x64-0.17.19.tgz",
          "integrity": "sha512-4lu+n8Wk0XlajEhbEffdy2xy53dpR06SlzvhGByyg36qJw6Kpfk7cp45DR/62aPH9mtJRmIyrXAS5UWBrJT6TQ==",
          "dev": true,
          "optional": true
        },
        "@esbuild/linux-arm": {
          "version": "0.17.19",
          "resolved": "https://registry.npmmirror.com/@esbuild/linux-arm/-/linux-arm-0.17.19.tgz",
          "integrity": "sha512-cdmT3KxjlOQ/gZ2cjfrQOtmhG4HJs6hhvm3mWSRDPtZ/lP5oe8FWceS10JaSJC13GBd4eH/haHnqf7hhGNLerA==",
          "dev": true,
          "optional": true
        },
        "@esbuild/linux-arm64": {
          "version": "0.17.19",
          "resolved": "https://registry.npmmirror.com/@esbuild/linux-arm64/-/linux-arm64-0.17.19.tgz",
          "integrity": "sha512-ct1Tg3WGwd3P+oZYqic+YZF4snNl2bsnMKRkb3ozHmnM0dGWuxcPTTntAF6bOP0Sp4x0PjSF+4uHQ1xvxfRKqg==",
          "dev": true,
          "optional": true
        },
        "@esbuild/linux-ia32": {
          "version": "0.17.19",
          "resolved": "https://registry.npmmirror.com/@esbuild/linux-ia32/-/linux-ia32-0.17.19.tgz",
          "integrity": "sha512-w4IRhSy1VbsNxHRQpeGCHEmibqdTUx61Vc38APcsRbuVgK0OPEnQ0YD39Brymn96mOx48Y2laBQGqgZ0j9w6SQ==",
          "dev": true,
          "optional": true
        },
        "@esbuild/linux-loong64": {
          "version": "0.17.19",
          "resolved": "https://registry.npmmirror.com/@esbuild/linux-loong64/-/linux-loong64-0.17.19.tgz",
          "integrity": "sha512-2iAngUbBPMq439a+z//gE+9WBldoMp1s5GWsUSgqHLzLJ9WoZLZhpwWuym0u0u/4XmZ3gpHmzV84PonE+9IIdQ==",
          "dev": true,
          "optional": true
        },
        "@esbuild/linux-mips64el": {
          "version": "0.17.19",
          "resolved": "https://registry.npmmirror.com/@esbuild/linux-mips64el/-/linux-mips64el-0.17.19.tgz",
          "integrity": "sha512-LKJltc4LVdMKHsrFe4MGNPp0hqDFA1Wpt3jE1gEyM3nKUvOiO//9PheZZHfYRfYl6AwdTH4aTcXSqBerX0ml4A==",
          "dev": true,
          "optional": true
        },
        "@esbuild/linux-ppc64": {
          "version": "0.17.19",
          "resolved": "https://registry.npmmirror.com/@esbuild/linux-ppc64/-/linux-ppc64-0.17.19.tgz",
          "integrity": "sha512-/c/DGybs95WXNS8y3Ti/ytqETiW7EU44MEKuCAcpPto3YjQbyK3IQVKfF6nbghD7EcLUGl0NbiL5Rt5DMhn5tg==",
          "dev": true,
          "optional": true
        },
        "@esbuild/linux-riscv64": {
          "version": "0.17.19",
          "resolved": "https://registry.npmmirror.com/@esbuild/linux-riscv64/-/linux-riscv64-0.17.19.tgz",
          "integrity": "sha512-FC3nUAWhvFoutlhAkgHf8f5HwFWUL6bYdvLc/TTuxKlvLi3+pPzdZiFKSWz/PF30TB1K19SuCxDTI5KcqASJqA==",
          "dev": true,
          "optional": true
        },
        "@esbuild/linux-s390x": {
          "version": "0.17.19",
          "resolved": "https://registry.npmmirror.com/@esbuild/linux-s390x/-/linux-s390x-0.17.19.tgz",
          "integrity": "sha512-IbFsFbxMWLuKEbH+7sTkKzL6NJmG2vRyy6K7JJo55w+8xDk7RElYn6xvXtDW8HCfoKBFK69f3pgBJSUSQPr+4Q==",
          "dev": true,
          "optional": true
        },
        "@esbuild/linux-x64": {
          "version": "0.17.19",
          "resolved": "https://registry.npmmirror.com/@esbuild/linux-x64/-/linux-x64-0.17.19.tgz",
          "integrity": "sha512-68ngA9lg2H6zkZcyp22tsVt38mlhWde8l3eJLWkyLrp4HwMUr3c1s/M2t7+kHIhvMjglIBrFpncX1SzMckomGw==",
          "dev": true,
          "optional": true
        },
        "@esbuild/netbsd-x64": {
          "version": "0.17.19",
          "resolved": "https://registry.npmmirror.com/@esbuild/netbsd-x64/-/netbsd-x64-0.17.19.tgz",
          "integrity": "sha512-CwFq42rXCR8TYIjIfpXCbRX0rp1jo6cPIUPSaWwzbVI4aOfX96OXY8M6KNmtPcg7QjYeDmN+DD0Wp3LaBOLf4Q==",
          "dev": true,
          "optional": true
        },
        "@esbuild/openbsd-x64": {
          "version": "0.17.19",
          "resolved": "https://registry.npmmirror.com/@esbuild/openbsd-x64/-/openbsd-x64-0.17.19.tgz",
          "integrity": "sha512-cnq5brJYrSZ2CF6c35eCmviIN3k3RczmHz8eYaVlNasVqsNY+JKohZU5MKmaOI+KkllCdzOKKdPs762VCPC20g==",
          "dev": true,
          "optional": true
        },
        "@esbuild/sunos-x64": {
          "version": "0.17.19",
          "resolved": "https://registry.npmmirror.com/@esbuild/sunos-x64/-/sunos-x64-0.17.19.tgz",
          "integrity": "sha512-vCRT7yP3zX+bKWFeP/zdS6SqdWB8OIpaRq/mbXQxTGHnIxspRtigpkUcDMlSCOejlHowLqII7K2JKevwyRP2rg==",
          "dev": true,
          "optional": true
        },
        "@esbuild/win32-arm64": {
          "version": "0.17.19",
          "resolved": "https://registry.npmmirror.com/@esbuild/win32-arm64/-/win32-arm64-0.17.19.tgz",
          "integrity": "sha512-yYx+8jwowUstVdorcMdNlzklLYhPxjniHWFKgRqH7IFlUEa0Umu3KuYplf1HUZZ422e3NU9F4LGb+4O0Kdcaag==",
          "dev": true,
          "optional": true
        },
        "@esbuild/win32-ia32": {
          "version": "0.17.19",
          "resolved": "https://registry.npmmirror.com/@esbuild/win32-ia32/-/win32-ia32-0.17.19.tgz",
          "integrity": "sha512-eggDKanJszUtCdlVs0RB+h35wNlb5v4TWEkq4vZcmVt5u/HiDZrTXe2bWFQUez3RgNHwx/x4sk5++4NSSicKkw==",
          "dev": true,
          "optional": true
        },
        "@esbuild/win32-x64": {
          "version": "0.17.19",
          "resolved": "https://registry.npmmirror.com/@esbuild/win32-x64/-/win32-x64-0.17.19.tgz",
          "integrity": "sha512-lAhycmKnVOuRYNtRtatQR1LPQf2oYCkRGkSFnseDAKPl8lu5SOsK/e1sXe5a0Pc5kHIHe6P2I/ilntNv2xf3cA==",
          "dev": true,
          "optional": true
        },
        "esbuild": {
          "version": "0.17.19",
          "resolved": "https://registry.npmmirror.com/esbuild/-/esbuild-0.17.19.tgz",
          "integrity": "sha512-XQ0jAPFkK/u3LcVRcvVHQcTIqD6E2H1fvZMA5dQPSOWb3suUbWbfbRf94pjc0bNzRYLfIrDRQXr7X+LHIm5oHw==",
          "dev": true,
          "requires": {
            "@esbuild/android-arm": "0.17.19",
            "@esbuild/android-arm64": "0.17.19",
            "@esbuild/android-x64": "0.17.19",
            "@esbuild/darwin-arm64": "0.17.19",
            "@esbuild/darwin-x64": "0.17.19",
            "@esbuild/freebsd-arm64": "0.17.19",
            "@esbuild/freebsd-x64": "0.17.19",
            "@esbuild/linux-arm": "0.17.19",
            "@esbuild/linux-arm64": "0.17.19",
            "@esbuild/linux-ia32": "0.17.19",
            "@esbuild/linux-loong64": "0.17.19",
            "@esbuild/linux-mips64el": "0.17.19",
            "@esbuild/linux-ppc64": "0.17.19",
            "@esbuild/linux-riscv64": "0.17.19",
            "@esbuild/linux-s390x": "0.17.19",
            "@esbuild/linux-x64": "0.17.19",
            "@esbuild/netbsd-x64": "0.17.19",
            "@esbuild/openbsd-x64": "0.17.19",
            "@esbuild/sunos-x64": "0.17.19",
            "@esbuild/win32-arm64": "0.17.19",
            "@esbuild/win32-ia32": "0.17.19",
            "@esbuild/win32-x64": "0.17.19"
          }
        },
        "fsevents": {
          "version": "2.3.3",
          "resolved": "https://registry.npmmirror.com/fsevents/-/fsevents-2.3.3.tgz",
          "integrity": "sha512-5xoDfX+fL7faATnagmWPpbFtwh/R77WmMMqqHGS65C3vvB0YHrgF+B1YmZ3441tMj5n63k0212XNoJwzlhffQw==",
          "dev": true,
          "optional": true
        },
        "nanoid": {
          "version": "3.3.7",
          "resolved": "https://registry.npmmirror.com/nanoid/-/nanoid-3.3.7.tgz",
          "integrity": "sha512-eSRppjcPIatRIMC1U6UngP8XFcz8MQWGQdt1MTBQ7NaAmvXDfvNxbvWV3x2y6CdEUciCSsDHDQZbhYaB8QEo2g==",
          "dev": true
        },
        "picocolors": {
          "version": "1.1.0",
          "resolved": "https://registry.npmmirror.com/picocolors/-/picocolors-1.1.0.tgz",
          "integrity": "sha512-TQ92mBOW0l3LeMeyLV6mzy/kWr8lkd/hp3mTg7wYK7zJhuBStmGMBG0BdeDZS/dZx1IukaX6Bk11zcln25o1Aw==",
          "dev": true
        },
        "postcss": {
          "version": "8.4.47",
          "resolved": "https://registry.npmmirror.com/postcss/-/postcss-8.4.47.tgz",
          "integrity": "sha512-56rxCq7G/XfB4EkXq9Egn5GCqugWvDFjafDOThIdMBsI15iqPqR5r15TfSr1YPYeEI19YeaXMCbY6u88Y76GLQ==",
          "dev": true,
          "requires": {
            "nanoid": "^3.3.7",
            "picocolors": "^1.1.0",
            "source-map-js": "^1.2.1"
          }
        },
        "rollup": {
          "version": "3.29.5",
          "resolved": "https://registry.npmmirror.com/rollup/-/rollup-3.29.5.tgz",
          "integrity": "sha512-GVsDdsbJzzy4S/v3dqWPJ7EfvZJfCHiDqe80IyrF59LYuP+e6U1LJoUqeuqRbwAWoMNoXivMNeNAOf5E22VA1w==",
          "dev": true,
          "requires": {
            "fsevents": "~2.3.2"
          }
        },
        "source-map-js": {
          "version": "1.2.1",
          "resolved": "https://registry.npmmirror.com/source-map-js/-/source-map-js-1.2.1.tgz",
          "integrity": "sha512-UXWMKhLOwVKb728IUtQPXxfYU+usdybtUrK/8uGE8CQMvrhOpwvzDBwj0QhSL7MQc7vIsISBG8VQ8+IDQxpfQA==",
          "dev": true
        }
      }
    },
    "vue": {
      "version": "3.2.47",
      "requires": {
        "@vue/compiler-dom": "3.2.47",
        "@vue/compiler-sfc": "3.2.47",
        "@vue/runtime-dom": "3.2.47",
        "@vue/server-renderer": "3.2.47",
        "@vue/shared": "3.2.47"
      },
      "dependencies": {
        "@babel/helper-string-parser": {
          "version": "7.24.8",
          "resolved": "https://registry.npmmirror.com/@babel/helper-string-parser/-/helper-string-parser-7.24.8.tgz",
          "integrity": "sha512-pO9KhhRcuUyGnJWwyEgnRJTSIZHiT+vMD0kPeD+so0l7mxkMT19g3pjY9GTnHySck/hDzq+dtW/4VgnMkippsQ=="
        },
        "@babel/helper-validator-identifier": {
          "version": "7.24.7",
          "resolved": "https://registry.npmmirror.com/@babel/helper-validator-identifier/-/helper-validator-identifier-7.24.7.tgz",
          "integrity": "sha512-rR+PBcQ1SMQDDyF6X0wxtG8QyLCgUB0eRAGguqRLfkCA87l7yAP7ehq8SNj96OOGTO8OBV70KhuFYcIkHXOg0w=="
        },
        "@babel/parser": {
          "version": "7.25.6",
          "resolved": "https://registry.npmmirror.com/@babel/parser/-/parser-7.25.6.tgz",
          "integrity": "sha512-trGdfBdbD0l1ZPmcJ83eNxB9rbEax4ALFTF7fN386TMYbeCQbyme5cOEXQhbGXKebwGaB/J52w1mrklMcbgy6Q==",
          "requires": {
            "@babel/types": "^7.25.6"
          }
        },
        "@babel/types": {
          "version": "7.25.6",
          "resolved": "https://registry.npmmirror.com/@babel/types/-/types-7.25.6.tgz",
          "integrity": "sha512-/l42B1qxpG6RdfYf343Uw1vmDjeNhneUXtzhojE7pDgfpEypmRhI6j1kr17XCVv4Cgl9HdAiQY2x0GwKm7rWCw==",
          "requires": {
            "@babel/helper-string-parser": "^7.24.8",
            "@babel/helper-validator-identifier": "^7.24.7",
            "to-fast-properties": "^2.0.0"
          }
        },
        "@vue/compiler-core": {
          "version": "3.2.47",
          "resolved": "https://registry.npmmirror.com/@vue/compiler-core/-/compiler-core-3.2.47.tgz",
          "integrity": "sha512-p4D7FDnQb7+YJmO2iPEv0SQNeNzcbHdGByJDsT4lynf63AFkOTFN07HsiRSvjGo0QrxR/o3d0hUyNCUnBU2Tig==",
          "requires": {
            "@babel/parser": "^7.16.4",
            "@vue/shared": "3.2.47",
            "estree-walker": "^2.0.2",
            "source-map": "^0.6.1"
          }
        },
        "@vue/compiler-dom": {
          "version": "3.2.47",
          "resolved": "https://registry.npmmirror.com/@vue/compiler-dom/-/compiler-dom-3.2.47.tgz",
          "integrity": "sha512-dBBnEHEPoftUiS03a4ggEig74J2YBZ2UIeyfpcRM2tavgMWo4bsEfgCGsu+uJIL/vax9S+JztH8NmQerUo7shQ==",
          "requires": {
            "@vue/compiler-core": "3.2.47",
            "@vue/shared": "3.2.47"
          }
        },
        "@vue/compiler-sfc": {
          "version": "3.2.47",
          "resolved": "https://registry.npmmirror.com/@vue/compiler-sfc/-/compiler-sfc-3.2.47.tgz",
          "integrity": "sha512-rog05W+2IFfxjMcFw10tM9+f7i/+FFpZJJ5XHX72NP9eC2uRD+42M3pYcQqDXVYoj74kHMSEdQ/WmCjt8JFksQ==",
          "requires": {
            "@babel/parser": "^7.16.4",
            "@vue/compiler-core": "3.2.47",
            "@vue/compiler-dom": "3.2.47",
            "@vue/compiler-ssr": "3.2.47",
            "@vue/reactivity-transform": "3.2.47",
            "@vue/shared": "3.2.47",
            "estree-walker": "^2.0.2",
            "magic-string": "^0.25.7",
            "postcss": "^8.1.10",
            "source-map": "^0.6.1"
          }
        },
        "@vue/compiler-ssr": {
          "version": "3.2.47",
          "resolved": "https://registry.npmmirror.com/@vue/compiler-ssr/-/compiler-ssr-3.2.47.tgz",
          "integrity": "sha512-wVXC+gszhulcMD8wpxMsqSOpvDZ6xKXSVWkf50Guf/S+28hTAXPDYRTbLQ3EDkOP5Xz/+SY37YiwDquKbJOgZw==",
          "requires": {
            "@vue/compiler-dom": "3.2.47",
            "@vue/shared": "3.2.47"
          }
        },
        "@vue/reactivity": {
          "version": "3.2.47",
          "resolved": "https://registry.npmmirror.com/@vue/reactivity/-/reactivity-3.2.47.tgz",
          "integrity": "sha512-7khqQ/75oyyg+N/e+iwV6lpy1f5wq759NdlS1fpAhFXa8VeAIKGgk2E/C4VF59lx5b+Ezs5fpp/5WsRYXQiKxQ==",
          "requires": {
            "@vue/shared": "3.2.47"
          }
        },
        "@vue/reactivity-transform": {
          "version": "3.2.47",
          "resolved": "https://registry.npmmirror.com/@vue/reactivity-transform/-/reactivity-transform-3.2.47.tgz",
          "integrity": "sha512-m8lGXw8rdnPVVIdIFhf0LeQ/ixyHkH5plYuS83yop5n7ggVJU+z5v0zecwEnX7fa7HNLBhh2qngJJkxpwEEmYA==",
          "requires": {
            "@babel/parser": "^7.16.4",
            "@vue/compiler-core": "3.2.47",
            "@vue/shared": "3.2.47",
            "estree-walker": "^2.0.2",
            "magic-string": "^0.25.7"
          }
        },
        "@vue/runtime-core": {
          "version": "3.2.47",
          "resolved": "https://registry.npmmirror.com/@vue/runtime-core/-/runtime-core-3.2.47.tgz",
          "integrity": "sha512-RZxbLQIRB/K0ev0K9FXhNbBzT32H9iRtYbaXb0ZIz2usLms/D55dJR2t6cIEUn6vyhS3ALNvNthI+Q95C+NOpA==",
          "requires": {
            "@vue/reactivity": "3.2.47",
            "@vue/shared": "3.2.47"
          }
        },
        "@vue/runtime-dom": {
          "version": "3.2.47",
          "resolved": "https://registry.npmmirror.com/@vue/runtime-dom/-/runtime-dom-3.2.47.tgz",
          "integrity": "sha512-ArXrFTjS6TsDei4qwNvgrdmHtD930KgSKGhS5M+j8QxXrDJYLqYw4RRcDy1bz1m1wMmb6j+zGLifdVHtkXA7gA==",
          "requires": {
            "@vue/runtime-core": "3.2.47",
            "@vue/shared": "3.2.47",
            "csstype": "^2.6.8"
          }
        },
        "@vue/server-renderer": {
          "version": "3.2.47",
          "resolved": "https://registry.npmmirror.com/@vue/server-renderer/-/server-renderer-3.2.47.tgz",
          "integrity": "sha512-dN9gc1i8EvmP9RCzvneONXsKfBRgqFeFZLurmHOveL7oH6HiFXJw5OGu294n1nHc/HMgTy6LulU/tv5/A7f/LA==",
          "requires": {
            "@vue/compiler-ssr": "3.2.47",
            "@vue/shared": "3.2.47"
          }
        },
        "@vue/shared": {
          "version": "3.2.47",
          "resolved": "https://registry.npmmirror.com/@vue/shared/-/shared-3.2.47.tgz",
          "integrity": "sha512-BHGyyGN3Q97EZx0taMQ+OLNuZcW3d37ZEVmEAyeoA9ERdGvm9Irc/0Fua8SNyOtV1w6BS4q25wbMzJujO9HIfQ=="
        },
        "csstype": {
          "version": "2.6.21",
          "resolved": "https://registry.npmmirror.com/csstype/-/csstype-2.6.21.tgz",
          "integrity": "sha512-Z1PhmomIfypOpoMjRQB70jfvy/wxT50qW08YXO5lMIJkrdq4yOTR+AW7FqutScmB9NkLwxo+jU+kZLbofZZq/w=="
        },
        "estree-walker": {
          "version": "2.0.2",
          "resolved": "https://registry.npmmirror.com/estree-walker/-/estree-walker-2.0.2.tgz",
          "integrity": "sha512-Rfkk/Mp/DL7JVje3u18FxFujQlTNR2q6QfMSMB7AvCBx91NGj/ba3kCfza0f6dVDbw7YlRf/nDrn7pQrCCyQ/w=="
        },
        "magic-string": {
          "version": "0.25.9",
          "resolved": "https://registry.npmmirror.com/magic-string/-/magic-string-0.25.9.tgz",
          "integrity": "sha512-RmF0AsMzgt25qzqqLc1+MbHmhdx0ojF2Fvs4XnOqz2ZOBXzzkEwc/dJQZCYHAn7v1jbVOjAZfK8msRn4BxO4VQ==",
          "requires": {
            "sourcemap-codec": "^1.4.8"
          }
        },
        "nanoid": {
          "version": "3.3.7",
          "resolved": "https://registry.npmmirror.com/nanoid/-/nanoid-3.3.7.tgz",
          "integrity": "sha512-eSRppjcPIatRIMC1U6UngP8XFcz8MQWGQdt1MTBQ7NaAmvXDfvNxbvWV3x2y6CdEUciCSsDHDQZbhYaB8QEo2g=="
        },
        "picocolors": {
          "version": "1.1.0",
          "resolved": "https://registry.npmmirror.com/picocolors/-/picocolors-1.1.0.tgz",
          "integrity": "sha512-TQ92mBOW0l3LeMeyLV6mzy/kWr8lkd/hp3mTg7wYK7zJhuBStmGMBG0BdeDZS/dZx1IukaX6Bk11zcln25o1Aw=="
        },
        "postcss": {
          "version": "8.4.47",
          "resolved": "https://registry.npmmirror.com/postcss/-/postcss-8.4.47.tgz",
          "integrity": "sha512-56rxCq7G/XfB4EkXq9Egn5GCqugWvDFjafDOThIdMBsI15iqPqR5r15TfSr1YPYeEI19YeaXMCbY6u88Y76GLQ==",
          "requires": {
            "nanoid": "^3.3.7",
            "picocolors": "^1.1.0",
            "source-map-js": "^1.2.1"
          }
        },
        "source-map": {
          "version": "0.6.1",
          "resolved": "https://registry.npmmirror.com/source-map/-/source-map-0.6.1.tgz",
          "integrity": "sha512-UjgapumWlbMhkBgzT7Ykc5YXUT46F0iKu8SGXq0bcwP5dz/h0Plj6enJqjz1Zbq2l5WaqYnrVbwWOWMyF3F47g=="
        },
        "source-map-js": {
          "version": "1.2.1",
          "resolved": "https://registry.npmmirror.com/source-map-js/-/source-map-js-1.2.1.tgz",
          "integrity": "sha512-UXWMKhLOwVKb728IUtQPXxfYU+usdybtUrK/8uGE8CQMvrhOpwvzDBwj0QhSL7MQc7vIsISBG8VQ8+IDQxpfQA=="
        },
        "sourcemap-codec": {
          "version": "1.4.8",
          "resolved": "https://registry.npmmirror.com/sourcemap-codec/-/sourcemap-codec-1.4.8.tgz",
          "integrity": "sha512-9NykojV5Uih4lgo5So5dtw+f0JgJX30KCNI8gwhz2J9A15wD0Ml6tjHKwf6fTSa6fAdVBdZeNOs9eJ71qCk8vA=="
        },
        "to-fast-properties": {
          "version": "2.0.0",
          "resolved": "https://registry.npmmirror.com/to-fast-properties/-/to-fast-properties-2.0.0.tgz",
          "integrity": "sha512-/OaKK0xYrs3DmxRYqL/yDc+FxFUVYhDlXMhRmv3z915w2HF1tnN1omB354j8VUGO/hbRzyD6Y3sA7v7GS/ceog=="
        }
      }
    },
    "vue-grabbing-box": {
      "version": "1.0.0",
      "resolved": "https://registry.npmmirror.com/vue-grabbing-box/-/vue-grabbing-box-1.0.0.tgz",
      "integrity": "sha512-RGCU2fh8evPGc8RQrMi3bxLV7zbjM2QVfFnmFGCKh3AHWKiZeywEGMY6KKRqT1grE7ZPk5+C8lJgUo5VTCGeHg==",
      "requires": {
        "vue": "2.6.14"
      },
      "dependencies": {
        "vue": {
          "version": "2.6.14",
          "resolved": "https://registry.npmmirror.com/vue/-/vue-2.6.14.tgz",
          "integrity": "sha512-x2284lgYvjOMj3Za7kqzRcUSxBboHqtgRE2zlos1qWaOye5yUmHn42LB1250NJBLRwEcdrB0JRwyPTEPhfQjiQ=="
        }
      }
    }
  }
}
